
Microsoft Visual Studio Solution File, Format Version 12.00
# Visual Studio Version 17
VisualStudioVersion = 17.14.36301.6 d17.14
MinimumVisualStudioVersion = 10.0.40219.1
Project("{FAE04EC0-301F-11D3-BF4B-00C04F79EFBC}") = "assigmment_1_LINQ", "assigmment_1_LINQ\assigmment_1_LINQ.csproj", "{6DB7DF1C-D706-4A65-BE87-90708FCFB5C5}"
EndProject
Global
	GlobalSection(SolutionConfigurationPlatforms) = preSolution
		Debug|Any CPU = Debug|Any CPU
		Release|Any CPU = Release|Any CPU
	EndGlobalSection
	GlobalSection(ProjectConfigurationPlatforms) = postSolution
		{6DB7DF1C-D706-4A65-BE87-90708FCFB5C5}.Debug|Any CPU.ActiveCfg = Debug|Any CPU
		{6DB7DF1C-D706-4A65-BE87-90708FCFB5C5}.Debug|Any CPU.Build.0 = Debug|Any CPU
		{6DB7DF1C-D706-4A65-BE87-90708FCFB5C5}.Release|Any CPU.ActiveCfg = Release|Any CPU
		{6DB7DF1C-D706-4A65-BE87-90708FCFB5C5}.Release|Any CPU.Build.0 = Release|Any CPU
	EndGlobalSection
	GlobalSection(SolutionProperties) = preSolution
		HideSolutionNode = FALSE
	EndGlobalSection
	GlobalSection(ExtensibilityGlobals) = postSolution
		SolutionGuid = {A9514F8D-AF24-4846-AC75-F3471FC9BB07}
	EndGlobalSection
EndGlobal
